
Microsoft Visual Studio Solution File, Format Version 12.00
# Visual Studio 15
VisualStudioVersion = 15.0.27428.2005
MinimumVisualStudioVersion = 10.0.40219.1
Project("{9A19103F-16F7-4668-BE54-9A1E7A4F7556}") = "AudioStripper", "AudioStripper\AudioStripper.csproj", "{F517A83C-D882-463B-8CD3-34ACC7C7A82A}"
EndProject
Global
	GlobalSection(SolutionConfigurationPlatforms) = preSolution
		Debug|Any CPU = Debug|Any CPU
		Release|Any CPU = Release|Any CPU
	EndGlobalSection
	GlobalSection(ProjectConfigurationPlatforms) = postSolution
		{F517A83C-D882-463B-8CD3-34ACC7C7A82A}.Debug|Any CPU.ActiveCfg = Debug|Any CPU
		{F517A83C-D882-463B-8CD3-34ACC7C7A82A}.Debug|Any CPU.Build.0 = Debug|Any CPU
		{F517A83C-D882-463B-8CD3-34ACC7C7A82A}.Release|Any CPU.ActiveCfg = Release|Any CPU
		{F517A83C-D882-463B-8CD3-34ACC7C7A82A}.Release|Any CPU.Build.0 = Release|Any CPU
	EndGlobalSection
	GlobalSection(SolutionProperties) = preSolution
		HideSolutionNode = FALSE
	EndGlobalSection
	GlobalSection(ExtensibilityGlobals) = postSolution
		SolutionGuid = {EDEF7298-C7C4-4F31-BF0B-47DA5B01B792}
	EndGlobalSection
EndGlobal
